// !$*UTF8*$!
{
	archiveVersion = 1;
	classes = {
	};
	objectVersion = 50;
	objects = {

/* Begin PBXBuildFile section */
		D7B3D0D925B6C8BD00C30BB7 /* iOSMadnessApp.swift in Sources */ = {isa = PBXBuildFile; fileRef = D7B3D0C625B6C8BB00C30BB7 /* iOSMadnessApp.swift */; };
		D7B3D0DA25B6C8BD00C30BB7 /* iOSMadnessApp.swift in Sources */ = {isa = PBXBuildFile; fileRef = D7B3D0C625B6C8BB00C30BB7 /* iOSMadnessApp.swift */; };
		D7B3D0DB25B6C8BD00C30BB7 /* ContentView.swift in Sources */ = {isa = PBXBuildFile; fileRef = D7B3D0C725B6C8BB00C30BB7 /* ContentView.swift */; };
		D7B3D0DC25B6C8BD00C30BB7 /* ContentView.swift in Sources */ = {isa = PBXBuildFile; fileRef = D7B3D0C725B6C8BB00C30BB7 /* ContentView.swift */; };
		D7B3D0DD25B6C8BD00C30BB7 /* Assets.xcassets in Resources */ = {isa = PBXBuildFile; fileRef = D7B3D0C825B6C8BC00C30BB7 /* Assets.xcassets */; };
		D7B3D0DE25B6C8BD00C30BB7 /* Assets.xcassets in Resources */ = {isa = PBXBuildFile; fileRef = D7B3D0C825B6C8BC00C30BB7 /* Assets.xcassets */; };
/* End PBXBuildFile section */

/* Begin PBXFileReference section */
		D7B3D0C625B6C8BB00C30BB7 /* iOSMadnessApp.swift */ = {isa = PBXFileReference; lastKnownFileType = sourcecode.swift; path = iOSMadnessApp.swift; sourceTree = "<group>"; };
		D7B3D0C725B6C8BB00C30BB7 /* ContentView.swift */ = {isa = PBXFileReference; lastKnownFileType = sourcecode.swift; path = ContentView.swift; sourceTree = "<group>"; };
		D7B3D0C825B6C8BC00C30BB7 /* Assets.xcassets */ = {isa = PBXFileReference; lastKnownFileType = folder.assetcatalog; path = Assets.xcassets; sourceTree = "<group>"; };
		D7B3D0CD25B6C8BC00C30BB7 /* iOSMadness.app */ = {isa = PBXFileReference; explicitFileType = wrapper.application; includeInIndex = 0; path = iOSMadness.app; sourceTree = BUILT_PRODUCTS_DIR; };
		D7B3D0D025B6C8BD00C30BB7 /* Info.plist */ = {isa = PBXFileReference; lastKnownFileType = text.plist.xml; path = Info.plist; sourceTree = "<group>"; };
		D7B3D0D525B6C8BD00C30BB7 /* iOSMadness.app */ = {isa = PBXFileReference; explicitFileType = wrapper.application; includeInIndex = 0; path = iOSMadness.app; sourceTree = BUILT_PRODUCTS_DIR; };
		D7B3D0D725B6C8BD00C30BB7 /* Info.plist */ = {isa = PBXFileReference; lastKnownFileType = text.plist.xml; path = Info.plist; sourceTree = "<group>"; };
		D7B3D0D825B6C8BD00C30BB7 /* macOS.entitlements */ = {isa = PBXFileReference; lastKnownFileType = text.plist.entitlements; path = macOS.entitlements; sourceTree = "<group>"; };
/* End PBXFileReference section */

/* Begin PBXFrameworksBuildPhase section */
		D7B3D0CA25B6C8BC00C30BB7 /* Frameworks */ = {
			isa = PBXFrameworksBuildPhase;
			buildActionMask = 2147483647;
			files = (
			);
			runOnlyForDeploymentPostprocessing = 0;
		};
		D7B3D0D225B6C8BD00C30BB7 /* Frameworks */ = {
			isa = PBXFrameworksBuildPhase;
			buildActionMask = 2147483647;
			files = (
			);
			runOnlyForDeploymentPostprocessing = 0;
		};
/* End PBXFrameworksBuildPhase section */

/* Begin PBXGroup section */
		D7B3D0C025B6C8BB00C30BB7 = {
			isa = PBXGroup;
			children = (
				D7B3D0C525B6C8BB00C30BB7 /* Shared */,
				D7B3D0CF25B6C8BC00C30BB7 /* iOS */,
				D7B3D0D625B6C8BD00C30BB7 /* macOS */,
				D7B3D0CE25B6C8BC00C30BB7 /* Products */,
			);
			sourceTree = "<group>";
		};
		D7B3D0C525B6C8BB00C30BB7 /* Shared */ = {
			isa = PBXGroup;
			children = (
				D7B3D0C625B6C8BB00C30BB7 /* iOSMadnessApp.swift */,
				D7B3D0C725B6C8BB00C30BB7 /* ContentView.swift */,
				D7B3D0C825B6C8BC00C30BB7 /* Assets.xcassets */,
			);
			path = Shared;
			sourceTree = "<group>";
		};
		D7B3D0CE25B6C8BC00C30BB7 /* Products */ = {
			isa = PBXGroup;
			children = (
				D7B3D0CD25B6C8BC00C30BB7 /* iOSMadness.app */,
				D7B3D0D525B6C8BD00C30BB7 /* iOSMadness.app */,
			);
			name = Products;
			sourceTree = "<group>";
		};
		D7B3D0CF25B6C8BC00C30BB7 /* iOS */ = {
			isa = PBXGroup;
			children = (
				D7B3D0D025B6C8BD00C30BB7 /* Info.plist */,
			);
			path = iOS;
			sourceTree = "<group>";
		};
		D7B3D0D625B6C8BD00C30BB7 /* macOS */ = {
			isa = PBXGroup;
			children = (
				D7B3D0D725B6C8BD00C30BB7 /* Info.plist */,
				D7B3D0D825B6C8BD00C30BB7 /* macOS.entitlements */,
			);
			path = macOS;
			sourceTree = "<group>";
		};
/* End PBXGroup section */

/* Begin PBXNativeTarget section */
		D7B3D0CC25B6C8BC00C30BB7 /* iOSMadness (iOS) */ = {
			isa = PBXNativeTarget;
			buildConfigurationList = D7B3D0E125B6C8BD00C30BB7 /* Build configuration list for PBXNativeTarget "iOSMadness (iOS)" */;
			buildPhases = (
				D7B3D0C925B6C8BC00C30BB7 /* Sources */,
				D7B3D0CA25B6C8BC00C30BB7 /* Frameworks */,
				D7B3D0CB25B6C8BC00C30BB7 /* Resources */,
			);
			buildRules = (
			);
			dependencies = (
			);
			name = "iOSMadness (iOS)";
			productName = "iOSMadness (iOS)";
			productReference = D7B3D0CD25B6C8BC00C30BB7 /* iOSMadness.app */;
			productType = "com.apple.product-type.application";
		};
		D7B3D0D425B6C8BD00C30BB7 /* iOSMadness (macOS) */ = {
			isa = PBXNativeTarget;
			buildConfigurationList = D7B3D0E425B6C8BD00C30BB7 /* Build configuration list for PBXNativeTarget "iOSMadness (macOS)" */;
			buildPhases = (
				D7B3D0D125B6C8BD00C30BB7 /* Sources */,
				D7B3D0D225B6C8BD00C30BB7 /* Frameworks */,
				D7B3D0D325B6C8BD00C30BB7 /* Resources */,
			);
			buildRules = (
			);
			dependencies = (
			);
			name = "iOSMadness (macOS)";
			productName = "iOSMadness (macOS)";
			productReference = D7B3D0D525B6C8BD00C30BB7 /* iOSMadness.app */;
			productType = "com.apple.product-type.application";
		};
/* End PBXNativeTarget section */

/* Begin PBXProject section */
		D7B3D0C125B6C8BB00C30BB7 /* Project object */ = {
			isa = PBXProject;
			attributes = {
				LastSwiftUpdateCheck = 1230;
				LastUpgradeCheck = 1230;
				TargetAttributes = {
					D7B3D0CC25B6C8BC00C30BB7 = {
						CreatedOnToolsVersion = 12.3;
					};
					D7B3D0D425B6C8BD00C30BB7 = {
						CreatedOnToolsVersion = 12.3;
					};
				};
			};
			buildConfigurationList = D7B3D0C425B6C8BB00C30BB7 /* Build configuration list for PBXProject "iOSMadness" */;
			compatibilityVersion = "Xcode 9.3";
			developmentRegion = en;
			hasScannedForEncodings = 0;
			knownRegions = (
				en,
				Base,
			);
			mainGroup = D7B3D0C025B6C8BB00C30BB7;
			productRefGroup = D7B3D0CE25B6C8BC00C30BB7 /* Products */;
			projectDirPath = "";
			projectRoot = "";
			targets = (
				D7B3D0CC25B6C8BC00C30BB7 /* iOSMadness (iOS) */,
				D7B3D0D425B6C8BD00C30BB7 /* iOSMadness (macOS) */,
			);
		};
/* End PBXProject section */

/* Begin PBXResourcesBuildPhase section */
		D7B3D0CB25B6C8BC00C30BB7 /* Resources */ = {
			isa = PBXResourcesBuildPhase;
			buildActionMask = 2147483647;
			files = (
				D7B3D0DD25B6C8BD00C30BB7 /* Assets.xcassets in Resources */,
			);
			runOnlyForDeploymentPostprocessing = 0;
		};
		D7B3D0D325B6C8BD00C30BB7 /* Resources */ = {
			isa = PBXResourcesBuildPhase;
			buildActionMask = 2147483647;
			files = (
				D7B3D0DE25B6C8BD00C30BB7 /* Assets.xcassets in Resources */,
			);
			runOnlyForDeploymentPostprocessing = 0;
		};
/* End PBXResourcesBuildPhase section */

/* Begin PBXSourcesBuildPhase section */
		D7B3D0C925B6C8BC00C30BB7 /* Sources */ = {
			isa = PBXSourcesBuildPhase;
			buildActionMask = 2147483647;
			files = (
				D7B3D0DB25B6C8BD00C30BB7 /* ContentView.swift in Sources */,
				D7B3D0D925B6C8BD00C30BB7 /* iOSMadnessApp.swift in Sources */,
			);
			runOnlyForDeploymentPostprocessing = 0;
		};
		D7B3D0D125B6C8BD00C30BB7 /* Sources */ = {
			isa = PBXSourcesBuildPhase;
			buildActionMask = 2147483647;
			files = (
				D7B3D0DC25B6C8BD00C30BB7 /* ContentView.swift in Sources */,
				D7B3D0DA25B6C8BD00C30BB7 /* iOSMadnessApp.swift in Sources */,
			);
			runOnlyForDeploymentPostprocessing = 0;
		};
/* End PBXSourcesBuildPhase section */

/* Begin XCBuildConfiguration section */
		D7B3D0DF25B6C8BD00C30BB7 /* Debug */ = {
			isa = XCBuildConfiguration;
			buildSettings = {
				ALWAYS_SEARCH_USER_PATHS = NO;
				CLANG_ANALYZER_NONNULL = YES;
				CLANG_ANALYZER_NUMBER_OBJECT_CONVERSION = YES_AGGRESSIVE;
				CLANG_CXX_LANGUAGE_STANDARD = "gnu++14";
				CLANG_CXX_LIBRARY = "libc++";
				CLANG_ENABLE_MODULES = YES;
				CLANG_ENABLE_OBJC_ARC = YES;
				CLANG_ENABLE_OBJC_WEAK = YES;
				CLANG_WARN_BLOCK_CAPTURE_AUTORELEASING = YES;
				CLANG_WARN_BOOL_CONVERSION = YES;
				CLANG_WARN_COMMA = YES;
				CLANG_WARN_CONSTANT_CONVERSION = YES;
				CLANG_WARN_DEPRECATED_OBJC_IMPLEMENTATIONS = YES;
				CLANG_WARN_DIRECT_OBJC_ISA_USAGE = YES_ERROR;
				CLANG_WARN_DOCUMENTATION_COMMENTS = YES;
				CLANG_WARN_EMPTY_BODY = YES;
				CLANG_WARN_ENUM_CONVERSION = YES;
				CLANG_WARN_INFINITE_RECURSION = YES;
				CLANG_WARN_INT_CONVERSION = YES;
				CLANG_WARN_NON_LITERAL_NULL_CONVERSION = YES;
				CLANG_WARN_OBJC_IMPLICIT_RETAIN_SELF = YES;
				CLANG_WARN_OBJC_LITERAL_CONVERSION = YES;
				CLANG_WARN_OBJC_ROOT_CLASS = YES_ERROR;
				CLANG_WARN_QUOTED_INCLUDE_IN_FRAMEWORK_HEADER = YES;
				CLANG_WARN_RANGE_LOOP_ANALYSIS = YES;
				CLANG_WARN_STRICT_PROTOTYPES = YES;
				CLANG_WARN_SUSPICIOUS_MOVE = YES;
				CLANG_WARN_UNGUARDED_AVAILABILITY = YES_AGGRESSIVE;
				CLANG_WARN_UNREACHABLE_CODE = YES;
				CLANG_WARN__DUPLICATE_METHOD_MATCH = YES;
				COPY_PHASE_STRIP = NO;
				DEBUG_INFORMATION_FORMAT = dwarf;
				ENABLE_STRICT_OBJC_MSGSEND = YES;
				ENABLE_TESTABILITY = YES;
				GCC_C_LANGUAGE_STANDARD = gnu11;
				GCC_DYNAMIC_NO_PIC = NO;
				GCC_NO_COMMON_BLOCKS = YES;
				GCC_OPTIMIZATION_LEVEL = 0;
				GCC_PREPROCESSOR_DEFINITIONS = (
					"DEBUG=1",
					"$(inherited)",
				);
				GCC_WARN_64_TO_32_BIT_CONVERSION = YES;
				GCC_WARN_ABOUT_RETURN_TYPE = YES_ERROR;
				GCC_WARN_UNDECLARED_SELECTOR = YES;
				GCC_WARN_UNINITIALIZED_AUTOS = YES_AGGRESSIVE;
				GCC_WARN_UNUSED_FUNCTION = YES;
				GCC_WARN_UNUSED_VARIABLE = YES;
				MTL_ENABLE_DEBUG_INFO = INCLUDE_SOURCE;
				MTL_FAST_MATH = YES;
				ONLY_ACTIVE_ARCH = YES;
				SWIFT_ACTIVE_COMPILATION_CONDITIONS = DEBUG;
				SWIFT_OPTIMIZATION_LEVEL = "-Onone";
			};
			name = Debug;
		};
		D7B3D0E025B6C8BD00C30BB7 /* Release */ = {
			isa = XCBuildConfiguration;
			buildSettings = {
				ALWAYS_SEARCH_USER_PATHS = NO;
				CLANG_ANALYZER_NONNULL = YES;
				CLANG_ANALYZER_NUMBER_OBJECT_CONVERSION = YES_AGGRESSIVE;
				CLANG_CXX_LANGUAGE_STANDARD = "gnu++14";
				CLANG_CXX_LIBRARY = "libc++";
				CLANG_ENABLE_MODULES = YES;
				CLANG_ENABLE_OBJC_ARC = YES;
				CLANG_ENABLE_OBJC_WEAK = YES;
				CLANG_WARN_BLOCK_CAPTURE_AUTORELEASING = YES;
				CLANG_WARN_BOOL_CONVERSION = YES;
				CLANG_WARN_COMMA = YES;
				CLANG_WARN_CONSTANT_CONVERSION = YES;
				CLANG_WARN_DEPRECATED_OBJC_IMPLEMENTATIONS = YES;
				CLANG_WARN_DIRECT_OBJC_ISA_USAGE = YES_ERROR;
				CLANG_WARN_DOCUMENTATION_COMMENTS = YES;
				CLANG_WARN_EMPTY_BODY = YES;
				CLANG_WARN_ENUM_CONVERSION = YES;
				CLANG_WARN_INFINITE_RECURSION = YES;
				CLANG_WARN_INT_CONVERSION = YES;
				CLANG_WARN_NON_LITERAL_NULL_CONVERSION = YES;
				CLANG_WARN_OBJC_IMPLICIT_RETAIN_SELF = YES;
				CLANG_WARN_OBJC_LITERAL_CONVERSION = YES;
				CLANG_WARN_OBJC_ROOT_CLASS = YES_ERROR;
				CLANG_WARN_QUOTED_INCLUDE_IN_FRAMEWORK_HEADER = YES;
				CLANG_WARN_RANGE_LOOP_ANALYSIS = YES;
				CLANG_WARN_STRICT_PROTOTYPES = YES;
				CLANG_WARN_SUSPICIOUS_MOVE = YES;
				CLANG_WARN_UNGUARDED_AVAILABILITY = YES_AGGRESSIVE;
				CLANG_WARN_UNREACHABLE_CODE = YES;
				CLANG_WARN__DUPLICATE_METHOD_MATCH = YES;
				COPY_PHASE_STRIP = NO;
				DEBUG_INFORMATION_FORMAT = "dwarf-with-dsym";
				ENABLE_NS_ASSERTIONS = NO;
				ENABLE_STRICT_OBJC_MSGSEND = YES;
				GCC_C_LANGUAGE_STANDARD = gnu11;
				GCC_NO_COMMON_BLOCKS = YES;
				GCC_WARN_64_TO_32_BIT_CONVERSION = YES;
				GCC_WARN_ABOUT_RETURN_TYPE = YES_ERROR;
				GCC_WARN_UNDECLARED_SELECTOR = YES;
				GCC_WARN_UNINITIALIZED_AUTOS = YES_AGGRESSIVE;
				GCC_WARN_UNUSED_FUNCTION = YES;
				GCC_WARN_UNUSED_VARIABLE = YES;
				MTL_ENABLE_DEBUG_INFO = NO;
				MTL_FAST_MATH = YES;
				SWIFT_COMPILATION_MODE = wholemodule;
				SWIFT_OPTIMIZATION_LEVEL = "-O";
			};
			name = Release;
		};
		D7B3D0E225B6C8BD00C30BB7 /* Debug */ = {
			isa = XCBuildConfiguration;
			buildSettings = {
				ASSETCATALOG_COMPILER_APPICON_NAME = AppIcon;
				ASSETCATALOG_COMPILER_GLOBAL_ACCENT_COLOR_NAME = AccentColor;
				CODE_SIGN_STYLE = Automatic;
				ENABLE_PREVIEWS = YES;
				INFOPLIST_FILE = iOS/Info.plist;
				IPHONEOS_DEPLOYMENT_TARGET = 14.0;
				LD_RUNPATH_SEARCH_PATHS = (
					"$(inherited)",
					"@executable_path/Frameworks",
				);
				PRODUCT_BUNDLE_IDENTIFIER = iosmadness.iOSMadness;
				PRODUCT_NAME = iOSMadness;
				SDKROOT = iphoneos;
				SWIFT_VERSION = 5.0;
				TARGETED_DEVICE_FAMILY = "1,2";
			};
			name = Debug;
		};
		D7B3D0E325B6C8BD00C30BB7 /* Release */ = {
			isa = XCBuildConfiguration;
			buildSettings = {
				ASSETCATALOG_COMPILER_APPICON_NAME = AppIcon;
				ASSETCATALOG_COMPILER_GLOBAL_ACCENT_COLOR_NAME = AccentColor;
				CODE_SIGN_STYLE = Automatic;
				ENABLE_PREVIEWS = YES;
				INFOPLIST_FILE = iOS/Info.plist;
				IPHONEOS_DEPLOYMENT_TARGET = 14.0;
				LD_RUNPATH_SEARCH_PATHS = (
					"$(inherited)",
					"@executable_path/Frameworks",
				);
				PRODUCT_BUNDLE_IDENTIFIER = iosmadness.iOSMadness;
				PRODUCT_NAME = iOSMadness;
				SDKROOT = iphoneos;
				SWIFT_VERSION = 5.0;
				TARGETED_DEVICE_FAMILY = "1,2";
				VALIDATE_PRODUCT = YES;
			};
			name = Release;
		};
		D7B3D0E525B6C8BD00C30BB7 /* Debug */ = {
			isa = XCBuildConfiguration;
			buildSettings = {
				ASSETCATALOG_COMPILER_APPICON_NAME = AppIcon;
				ASSETCATALOG_COMPILER_GLOBAL_ACCENT_COLOR_NAME = AccentColor;
				CODE_SIGN_ENTITLEMENTS = macOS/macOS.entitlements;
				CODE_SIGN_STYLE = Automatic;
				COMBINE_HIDPI_IMAGES = YES;
				ENABLE_PREVIEWS = YES;
				INFOPLIST_FILE = macOS/Info.plist;
				LD_RUNPATH_SEARCH_PATHS = (
					"$(inherited)",
					"@executable_path/../Frameworks",
				);
				MACOSX_DEPLOYMENT_TARGET = 11.0;
				PRODUCT_BUNDLE_IDENTIFIER = iosmadness.iOSMadness;
				PRODUCT_NAME = iOSMadness;
				SDKROOT = macosx;
				SWIFT_VERSION = 5.0;
			};
			name = Debug;
		};
		D7B3D0E625B6C8BD00C30BB7 /* Release */ = {
			isa = XCBuildConfiguration;
			buildSettings = {
				ASSETCATALOG_COMPILER_APPICON_NAME = AppIcon;
				ASSETCATALOG_COMPILER_GLOBAL_ACCENT_COLOR_NAME = AccentColor;
				CODE_SIGN_ENTITLEMENTS = macOS/macOS.entitlements;
				CODE_SIGN_STYLE = Automatic;
				COMBINE_HIDPI_IMAGES = YES;
				ENABLE_PREVIEWS = YES;
				INFOPLIST_FILE = macOS/Info.plist;
				LD_RUNPATH_SEARCH_PATHS = (
					"$(inherited)",
					"@executable_path/../Frameworks",
				);
				MACOSX_DEPLOYMENT_TARGET = 11.0;
				PRODUCT_BUNDLE_IDENTIFIER = iosmadness.iOSMadness;
				PRODUCT_NAME = iOSMadness;
				SDKROOT = macosx;
				SWIFT_VERSION = 5.0;
			};
			name = Release;
		};
/* End XCBuildConfiguration section */

/* Begin XCConfigurationList section */
		D7B3D0C425B6C8BB00C30BB7 /* Build configuration list for PBXProject "iOSMadness" */ = {
			isa = XCConfigurationList;
			buildConfigurations = (
				D7B3D0DF25B6C8BD00C30BB7 /* Debug */,
				D7B3D0E025B6C8BD00C30BB7 /* Release */,
			);
			defaultConfigurationIsVisible = 0;
			defaultConfigurationName = Release;
		};
		D7B3D0E125B6C8BD00C30BB7 /* Build configuration list for PBXNativeTarget "iOSMadness (iOS)" */ = {
			isa = XCConfigurationList;
			buildConfigurations = (
				D7B3D0E225B6C8BD00C30BB7 /* Debug */,
				D7B3D0E325B6C8BD00C30BB7 /* Release */,
			);
			defaultConfigurationIsVisible = 0;
			defaultConfigurationName = Release;
		};
		D7B3D0E425B6C8BD00C30BB7 /* Build configuration list for PBXNativeTarget "iOSMadness (macOS)" */ = {
			isa = XCConfigurationList;
			buildConfigurations = (
				D7B3D0E525B6C8BD00C30BB7 /* Debug */,
				D7B3D0E625B6C8BD00C30BB7 /* Release */,
			);
			defaultConfigurationIsVisible = 0;
			defaultConfigurationName = Release;
		};
/* End XCConfigurationList section */
	};
	rootObject = D7B3D0C125B6C8BB00C30BB7 /* Project object */;
}
